
Microsoft Visual Studio Solution File, Format Version 12.00
# Visual Studio Version 17
VisualStudioVersion = 17.12.35707.178 d17.12
MinimumVisualStudioVersion = 10.0.40219.1
Project("{E24C65DC-7377-472B-9ABA-BC803B73C61A}") = "Tin tức Chí Linh 8", "http://localhost:55391", "{60CDE23C-6742-4CC3-AF7A-D657575ACCD0}"
	ProjectSection(WebsiteProperties) = preProject
		UseIISExpress = "true"
		TargetFrameworkMoniker = ".NETFramework,Version%3Dv4.8"
		Debug.AspNetCompiler.VirtualPath = "/localhost_55391"
		Debug.AspNetCompiler.PhysicalPath = "..\..\..\Documents\My Web Sites\Tin tức Chí Linh 8\"
		Debug.AspNetCompiler.TargetPath = "PrecompiledWeb\localhost_55391\"
		Debug.AspNetCompiler.Updateable = "true"
		Debug.AspNetCompiler.ForceOverwrite = "true"
		Debug.AspNetCompiler.FixedNames = "false"
		Debug.AspNetCompiler.Debug = "True"
		Release.AspNetCompiler.VirtualPath = "/localhost_55391"
		Release.AspNetCompiler.PhysicalPath = "..\..\..\Documents\My Web Sites\Tin tức Chí Linh 8\"
		Release.AspNetCompiler.TargetPath = "PrecompiledWeb\localhost_55391\"
		Release.AspNetCompiler.Updateable = "true"
		Release.AspNetCompiler.ForceOverwrite = "true"
		Release.AspNetCompiler.FixedNames = "false"
		Release.AspNetCompiler.Debug = "False"
		SlnRelativePath = "..\..\..\Documents\My Web Sites\Tin tức Chí Linh 8\"
	EndProjectSection
EndProject
Global
	GlobalSection(SolutionConfigurationPlatforms) = preSolution
		Debug|Any CPU = Debug|Any CPU
	EndGlobalSection
	GlobalSection(ProjectConfigurationPlatforms) = postSolution
		{60CDE23C-6742-4CC3-AF7A-D657575ACCD0}.Debug|Any CPU.ActiveCfg = Debug|Any CPU
		{60CDE23C-6742-4CC3-AF7A-D657575ACCD0}.Debug|Any CPU.Build.0 = Debug|Any CPU
	EndGlobalSection
	GlobalSection(SolutionProperties) = preSolution
		HideSolutionNode = FALSE
	EndGlobalSection
EndGlobal
